
Microsoft Visual Studio Solution File, Format Version 12.00
# Visual Studio Version 16
VisualStudioVersion = 16.0.30717.126
MinimumVisualStudioVersion = 10.0.40219.1
Project("{FAE04EC0-301F-11D3-BF4B-00C04F79EFBC}") = "AllatBolt", "AllatBolt\AllatBolt.csproj", "{82AAE84E-39F7-474A-B9EE-77DD83ADFDF1}"
EndProject
Global
	GlobalSection(SolutionConfigurationPlatforms) = preSolution
		Debug|Any CPU = Debug|Any CPU
		Release|Any CPU = Release|Any CPU
	EndGlobalSection
	GlobalSection(ProjectConfigurationPlatforms) = postSolution
		{82AAE84E-39F7-474A-B9EE-77DD83ADFDF1}.Debug|Any CPU.ActiveCfg = Debug|Any CPU
		{82AAE84E-39F7-474A-B9EE-77DD83ADFDF1}.Debug|Any CPU.Build.0 = Debug|Any CPU
		{82AAE84E-39F7-474A-B9EE-77DD83ADFDF1}.Release|Any CPU.ActiveCfg = Release|Any CPU
		{82AAE84E-39F7-474A-B9EE-77DD83ADFDF1}.Release|Any CPU.Build.0 = Release|Any CPU
	EndGlobalSection
	GlobalSection(SolutionProperties) = preSolution
		HideSolutionNode = FALSE
	EndGlobalSection
	GlobalSection(ExtensibilityGlobals) = postSolution
		SolutionGuid = {24763E90-C2CB-4E2A-AE6F-37A904A7DEB9}
	EndGlobalSection
EndGlobal
